# THIS IS AN AUTOGENERATED FILE. DO NOT EDIT THIS FILE DIRECTLY.
# yarn lockfile v1


"@types/json-bigint@^1.0.1":
  version "1.0.1"
  resolved "https://registry.yarnpkg.com/@types/json-bigint/-/json-bigint-1.0.1.tgz#201062a6990119a8cc18023cfe1fed12fc2fc8a7"
  integrity sha512-zpchZLNsNuzJHi6v64UBoFWAvQlPhch7XAi36FkH6tL1bbbmimIF+cS7vwkzY4u5RaSWMoflQfu+TshMPPw8uw==

"@types/pako@^1.0.3":
  version "1.0.3"
  resolved "https://registry.yarnpkg.com/@types/pako/-/pako-1.0.3.tgz#2e61c2b02020b5f44e2e5e946dfac74f4ec33c58"
  integrity sha512-EDxOsHAD5dqjbjEUM1xwa7rpKPFb8ECBE5irONTQU7/OsO3thI5YrNEWSPNMvYmvFM0l/OLQJ6Mgw7PEdXSjhg==

bignumber.js@^9.0.0:
  version "9.0.2"
  resolved "https://registry.yarnpkg.com/bignumber.js/-/bignumber.js-9.0.2.tgz#71c6c6bed38de64e24a65ebe16cfcf23ae693673"
  integrity sha512-GAcQvbpsM0pUb0zw1EI0KhQEZ+lRwR5fYaAp3vPOYuP7aDvGy6cVN6XHLauvF8SOga2y0dcLcjt3iQDTSEliyw==

json-bigint@^1.0.0:
  version "1.0.0"
  resolved "https://registry.yarnpkg.com/json-bigint/-/json-bigint-1.0.0.tgz#ae547823ac0cad8398667f8cd9ef4730f5b01ff1"
  integrity sha512-SiPv/8VpZuWbvLSMtTDU8hEfrZWg/mH/nV/b4o0CYbSxu1UIQPLdwKOCIyLQX+VIPO5vrLX3i8qtqFyhdPSUSQ==
  dependencies:
    bignumber.js "^9.0.0"

pako@^2.0.4:
  version "2.0.4"
  resolved "https://registry.yarnpkg.com/pako/-/pako-2.0.4.tgz#6cebc4bbb0b6c73b0d5b8d7e8476e2b2fbea576d"
  integrity sha512-v8tweI900AUkZN6heMU/4Uy4cXRc2AYNRggVmTR+dEncawDJgCdLMximOVA2p4qO57WMynangsfGRb5WD6L1Bg==
